
Microsoft Visual Studio Solution File, Format Version 12.00
# Visual Studio Version 17
VisualStudioVersion = 17.11.35222.181
MinimumVisualStudioVersion = 10.0.40219.1
Project("{FAE04EC0-301F-11D3-BF4B-00C04F79EFBC}") = "420DA3_Final_Formatif", "420DA3_Final_Formatif\420DA3_Final_Formatif.csproj", "{45DC2D6A-EF5C-473B-BD99-970E3D243FFC}"
EndProject
Global
	GlobalSection(SolutionConfigurationPlatforms) = preSolution
		Debug|Any CPU = Debug|Any CPU
		Release|Any CPU = Release|Any CPU
	EndGlobalSection
	GlobalSection(ProjectConfigurationPlatforms) = postSolution
		{45DC2D6A-EF5C-473B-BD99-970E3D243FFC}.Debug|Any CPU.ActiveCfg = Debug|Any CPU
		{45DC2D6A-EF5C-473B-BD99-970E3D243FFC}.Debug|Any CPU.Build.0 = Debug|Any CPU
		{45DC2D6A-EF5C-473B-BD99-970E3D243FFC}.Release|Any CPU.ActiveCfg = Release|Any CPU
		{45DC2D6A-EF5C-473B-BD99-970E3D243FFC}.Release|Any CPU.Build.0 = Release|Any CPU
	EndGlobalSection
	GlobalSection(SolutionProperties) = preSolution
		HideSolutionNode = FALSE
	EndGlobalSection
	GlobalSection(ExtensibilityGlobals) = postSolution
		SolutionGuid = {21CF9D5B-9151-4AFE-B419-8F66672678A5}
	EndGlobalSection
EndGlobal
